
Microsoft Visual Studio Solution File, Format Version 12.00
# Visual Studio 15
VisualStudioVersion = 15.0.28010.2026
MinimumVisualStudioVersion = 10.0.40219.1
Project("{FAE04EC0-301F-11D3-BF4B-00C04F79EFBC}") = "WebSite2", "WebSite2\WebSite2.csproj", "{20AF98B3-01D9-423A-8AB0-1AB6C0A1C364}"
EndProject
Global
	GlobalSection(SolutionConfigurationPlatforms) = preSolution
		Debug|Any CPU = Debug|Any CPU
		Release|Any CPU = Release|Any CPU
	EndGlobalSection
	GlobalSection(ProjectConfigurationPlatforms) = postSolution
		{20AF98B3-01D9-423A-8AB0-1AB6C0A1C364}.Debug|Any CPU.ActiveCfg = Debug|Any CPU
		{20AF98B3-01D9-423A-8AB0-1AB6C0A1C364}.Debug|Any CPU.Build.0 = Debug|Any CPU
		{20AF98B3-01D9-423A-8AB0-1AB6C0A1C364}.Release|Any CPU.ActiveCfg = Release|Any CPU
		{20AF98B3-01D9-423A-8AB0-1AB6C0A1C364}.Release|Any CPU.Build.0 = Release|Any CPU
	EndGlobalSection
	GlobalSection(SolutionProperties) = preSolution
		HideSolutionNode = FALSE
	EndGlobalSection
	GlobalSection(ExtensibilityGlobals) = postSolution
		SolutionGuid = {63EB270D-12B2-46ED-B1F8-07C3133CE535}
	EndGlobalSection
EndGlobal
